
Microsoft Visual Studio Solution File, Format Version 12.00
# Visual Studio 15
VisualStudioVersion = 15.0.28010.2016
MinimumVisualStudioVersion = 10.0.40219.1
Project("{9A19103F-16F7-4668-BE54-9A1E7A4F7556}") = "Catalogo.WebAPI", "Catalogo.WebAPI\Catalogo.WebAPI.csproj", "{6EA1C3DC-A0A4-4707-B45B-AC005EE4230D}"
EndProject
Project("{9A19103F-16F7-4668-BE54-9A1E7A4F7556}") = "Catalogo.Model", "Catalogo.Model\Catalogo.Model.csproj", "{17289862-4B62-4767-8200-EEABD447C7C4}"
EndProject
Project("{9A19103F-16F7-4668-BE54-9A1E7A4F7556}") = "Catalogo.Web", "Catalogo.Web\Catalogo.Web.csproj", "{27B894E2-351A-4C7C-8857-C5CF06282614}"
EndProject
Global
	GlobalSection(SolutionConfigurationPlatforms) = preSolution
		Debug|Any CPU = Debug|Any CPU
		Release|Any CPU = Release|Any CPU
	EndGlobalSection
	GlobalSection(ProjectConfigurationPlatforms) = postSolution
		{6EA1C3DC-A0A4-4707-B45B-AC005EE4230D}.Debug|Any CPU.ActiveCfg = Debug|Any CPU
		{6EA1C3DC-A0A4-4707-B45B-AC005EE4230D}.Debug|Any CPU.Build.0 = Debug|Any CPU
		{6EA1C3DC-A0A4-4707-B45B-AC005EE4230D}.Release|Any CPU.ActiveCfg = Release|Any CPU
		{6EA1C3DC-A0A4-4707-B45B-AC005EE4230D}.Release|Any CPU.Build.0 = Release|Any CPU
		{17289862-4B62-4767-8200-EEABD447C7C4}.Debug|Any CPU.ActiveCfg = Debug|Any CPU
		{17289862-4B62-4767-8200-EEABD447C7C4}.Debug|Any CPU.Build.0 = Debug|Any CPU
		{17289862-4B62-4767-8200-EEABD447C7C4}.Release|Any CPU.ActiveCfg = Release|Any CPU
		{17289862-4B62-4767-8200-EEABD447C7C4}.Release|Any CPU.Build.0 = Release|Any CPU
		{27B894E2-351A-4C7C-8857-C5CF06282614}.Debug|Any CPU.ActiveCfg = Debug|Any CPU
		{27B894E2-351A-4C7C-8857-C5CF06282614}.Debug|Any CPU.Build.0 = Debug|Any CPU
		{27B894E2-351A-4C7C-8857-C5CF06282614}.Release|Any CPU.ActiveCfg = Release|Any CPU
		{27B894E2-351A-4C7C-8857-C5CF06282614}.Release|Any CPU.Build.0 = Release|Any CPU
	EndGlobalSection
	GlobalSection(SolutionProperties) = preSolution
		HideSolutionNode = FALSE
	EndGlobalSection
	GlobalSection(ExtensibilityGlobals) = postSolution
		SolutionGuid = {F818E259-0A66-4CB3-9F99-DA81F584ED6C}
	EndGlobalSection
EndGlobal
